
Microsoft Visual Studio Solution File, Format Version 12.00
# Visual Studio Version 17
VisualStudioVersion = 17.10.34916.146
MinimumVisualStudioVersion = 10.0.40219.1
Project("{FAE04EC0-301F-11D3-BF4B-00C04F79EFBC}") = "Algorithms", "Algorithms\Algorithms.csproj", "{FA289B89-84E6-41AF-A101-7DF7A6C56238}"
EndProject
Project("{FAE04EC0-301F-11D3-BF4B-00C04F79EFBC}") = "TestProject1", "TestProject1\TestProject1.csproj", "{BA9C7FF8-985D-4102-93F8-D1A94E207303}"
EndProject
Global
	GlobalSection(SolutionConfigurationPlatforms) = preSolution
		Debug|Any CPU = Debug|Any CPU
		Release|Any CPU = Release|Any CPU
	EndGlobalSection
	GlobalSection(ProjectConfigurationPlatforms) = postSolution
		{FA289B89-84E6-41AF-A101-7DF7A6C56238}.Debug|Any CPU.ActiveCfg = Debug|Any CPU
		{FA289B89-84E6-41AF-A101-7DF7A6C56238}.Debug|Any CPU.Build.0 = Debug|Any CPU
		{FA289B89-84E6-41AF-A101-7DF7A6C56238}.Release|Any CPU.ActiveCfg = Release|Any CPU
		{FA289B89-84E6-41AF-A101-7DF7A6C56238}.Release|Any CPU.Build.0 = Release|Any CPU
		{BA9C7FF8-985D-4102-93F8-D1A94E207303}.Debug|Any CPU.ActiveCfg = Debug|Any CPU
		{BA9C7FF8-985D-4102-93F8-D1A94E207303}.Debug|Any CPU.Build.0 = Debug|Any CPU
		{BA9C7FF8-985D-4102-93F8-D1A94E207303}.Release|Any CPU.ActiveCfg = Release|Any CPU
		{BA9C7FF8-985D-4102-93F8-D1A94E207303}.Release|Any CPU.Build.0 = Release|Any CPU
	EndGlobalSection
	GlobalSection(SolutionProperties) = preSolution
		HideSolutionNode = FALSE
	EndGlobalSection
	GlobalSection(ExtensibilityGlobals) = postSolution
		SolutionGuid = {265C302B-5A26-4150-83A9-80A8477040C3}
	EndGlobalSection
EndGlobal
